// !$*UTF8*$!
{
	archiveVersion = 1;
	classes = {
	};
	objectVersion = 50;
	objects = {

/* Begin PBXBuildFile section */
		55049F9B2289A161009D9EA4 /* BBSTree.m in Sources */ = {isa = PBXBuildFile; fileRef = 55049F9A2289A161009D9EA4 /* BBSTree.m */; };
		55049F9E2289A585009D9EA4 /* RBTree.m in Sources */ = {isa = PBXBuildFile; fileRef = 55049F9D2289A585009D9EA4 /* RBTree.m */; };
		55049FA12289C03E009D9EA4 /* RBTree+Test.m in Sources */ = {isa = PBXBuildFile; fileRef = 55049FA02289C03E009D9EA4 /* RBTree+Test.m */; };
		5573D5F822808E3000C0A39D /* main.m in Sources */ = {isa = PBXBuildFile; fileRef = 5573D5F722808E3000C0A39D /* main.m */; };
		5573D61C2283C79F00C0A39D /* Stack.m in Sources */ = {isa = PBXBuildFile; fileRef = 5573D61A2283C79F00C0A39D /* Stack.m */; };
		5573D61D2283C79F00C0A39D /* Queue.m in Sources */ = {isa = PBXBuildFile; fileRef = 5573D61B2283C79F00C0A39D /* Queue.m */; };
		5573D6242283CA3800C0A39D /* BSTree.m in Sources */ = {isa = PBXBuildFile; fileRef = 5573D6232283CA3800C0A39D /* BSTree.m */; };
		5573D6322283D7BD00C0A39D /* MJInorderPrinter.m in Sources */ = {isa = PBXBuildFile; fileRef = 5573D6292283D7BD00C0A39D /* MJInorderPrinter.m */; };
		5573D6332283D7BD00C0A39D /* MJLevelOrderPrinter.m in Sources */ = {isa = PBXBuildFile; fileRef = 5573D62B2283D7BD00C0A39D /* MJLevelOrderPrinter.m */; };
		5573D6342283D7BD00C0A39D /* MJPrinter.m in Sources */ = {isa = PBXBuildFile; fileRef = 5573D62C2283D7BD00C0A39D /* MJPrinter.m */; };
		5573D6352283D7BD00C0A39D /* MJBinaryTrees.m in Sources */ = {isa = PBXBuildFile; fileRef = 5573D6302283D7BD00C0A39D /* MJBinaryTrees.m */; };
		5573D6362283D7BD00C0A39D /* NSString+Trees.m in Sources */ = {isa = PBXBuildFile; fileRef = 5573D6312283D7BD00C0A39D /* NSString+Trees.m */; };
		5573D6422284814900C0A39D /* BinaryTree.m in Sources */ = {isa = PBXBuildFile; fileRef = 5573D6412284814900C0A39D /* BinaryTree.m */; };
		5573D6452284839A00C0A39D /* BSTree+Test.m in Sources */ = {isa = PBXBuildFile; fileRef = 5573D6442284839A00C0A39D /* BSTree+Test.m */; };
		55AC882B2286B1CB00F64504 /* AVLTree.m in Sources */ = {isa = PBXBuildFile; fileRef = 55AC882A2286B1CB00F64504 /* AVLTree.m */; };
		55AC882E2286F1A600F64504 /* AVLTree+Test.m in Sources */ = {isa = PBXBuildFile; fileRef = 55AC882D2286F1A600F64504 /* AVLTree+Test.m */; };
/* End PBXBuildFile section */

/* Begin PBXCopyFilesBuildPhase section */
		5573D5F222808E3000C0A39D /* CopyFiles */ = {
			isa = PBXCopyFilesBuildPhase;
			buildActionMask = 2147483647;
			dstPath = /usr/share/man/man1/;
			dstSubfolderSpec = 0;
			files = (
			);
			runOnlyForDeploymentPostprocessing = 1;
		};
/* End PBXCopyFilesBuildPhase section */

/* Begin PBXFileReference section */
		55049F992289A161009D9EA4 /* BBSTree.h */ = {isa = PBXFileReference; lastKnownFileType = sourcecode.c.h; path = BBSTree.h; sourceTree = "<group>"; };
		55049F9A2289A161009D9EA4 /* BBSTree.m */ = {isa = PBXFileReference; lastKnownFileType = sourcecode.c.objc; path = BBSTree.m; sourceTree = "<group>"; };
		55049F9C2289A585009D9EA4 /* RBTree.h */ = {isa = PBXFileReference; lastKnownFileType = sourcecode.c.h; path = RBTree.h; sourceTree = "<group>"; };
		55049F9D2289A585009D9EA4 /* RBTree.m */ = {isa = PBXFileReference; lastKnownFileType = sourcecode.c.objc; path = RBTree.m; sourceTree = "<group>"; };
		55049F9F2289C03E009D9EA4 /* RBTree+Test.h */ = {isa = PBXFileReference; lastKnownFileType = sourcecode.c.h; path = "RBTree+Test.h"; sourceTree = "<group>"; };
		55049FA02289C03E009D9EA4 /* RBTree+Test.m */ = {isa = PBXFileReference; lastKnownFileType = sourcecode.c.objc; path = "RBTree+Test.m"; sourceTree = "<group>"; };
		5573D5F422808E3000C0A39D /* Algorithm-OC */ = {isa = PBXFileReference; explicitFileType = "compiled.mach-o.executable"; includeInIndex = 0; path = "Algorithm-OC"; sourceTree = BUILT_PRODUCTS_DIR; };
		5573D5F722808E3000C0A39D /* main.m */ = {isa = PBXFileReference; lastKnownFileType = sourcecode.c.objc; path = main.m; sourceTree = "<group>"; };
		5573D6182283C79E00C0A39D /* Stack.h */ = {isa = PBXFileReference; fileEncoding = 4; lastKnownFileType = sourcecode.c.h; path = Stack.h; sourceTree = "<group>"; };
		5573D6192283C79F00C0A39D /* Queue.h */ = {isa = PBXFileReference; fileEncoding = 4; lastKnownFileType = sourcecode.c.h; path = Queue.h; sourceTree = "<group>"; };
		5573D61A2283C79F00C0A39D /* Stack.m */ = {isa = PBXFileReference; fileEncoding = 4; lastKnownFileType = sourcecode.c.objc; path = Stack.m; sourceTree = "<group>"; };
		5573D61B2283C79F00C0A39D /* Queue.m */ = {isa = PBXFileReference; fileEncoding = 4; lastKnownFileType = sourcecode.c.objc; path = Queue.m; sourceTree = "<group>"; };
		5573D6222283CA3800C0A39D /* BSTree.h */ = {isa = PBXFileReference; lastKnownFileType = sourcecode.c.h; path = BSTree.h; sourceTree = "<group>"; };
		5573D6232283CA3800C0A39D /* BSTree.m */ = {isa = PBXFileReference; lastKnownFileType = sourcecode.c.objc; path = BSTree.m; sourceTree = "<group>"; };
		5573D6262283D7BD00C0A39D /* MJBinaryTrees.h */ = {isa = PBXFileReference; fileEncoding = 4; lastKnownFileType = sourcecode.c.h; path = MJBinaryTrees.h; sourceTree = "<group>"; };
		5573D6282283D7BD00C0A39D /* MJLevelOrderPrinter.h */ = {isa = PBXFileReference; fileEncoding = 4; lastKnownFileType = sourcecode.c.h; path = MJLevelOrderPrinter.h; sourceTree = "<group>"; };
		5573D6292283D7BD00C0A39D /* MJInorderPrinter.m */ = {isa = PBXFileReference; fileEncoding = 4; lastKnownFileType = sourcecode.c.objc; path = MJInorderPrinter.m; sourceTree = "<group>"; };
		5573D62A2283D7BD00C0A39D /* MJPrinter.h */ = {isa = PBXFileReference; fileEncoding = 4; lastKnownFileType = sourcecode.c.h; path = MJPrinter.h; sourceTree = "<group>"; };
		5573D62B2283D7BD00C0A39D /* MJLevelOrderPrinter.m */ = {isa = PBXFileReference; fileEncoding = 4; lastKnownFileType = sourcecode.c.objc; path = MJLevelOrderPrinter.m; sourceTree = "<group>"; };
		5573D62C2283D7BD00C0A39D /* MJPrinter.m */ = {isa = PBXFileReference; fileEncoding = 4; lastKnownFileType = sourcecode.c.objc; path = MJPrinter.m; sourceTree = "<group>"; };
		5573D62D2283D7BD00C0A39D /* MJInorderPrinter.h */ = {isa = PBXFileReference; fileEncoding = 4; lastKnownFileType = sourcecode.c.h; path = MJInorderPrinter.h; sourceTree = "<group>"; };
		5573D62E2283D7BD00C0A39D /* NSString+Trees.h */ = {isa = PBXFileReference; fileEncoding = 4; lastKnownFileType = sourcecode.c.h; path = "NSString+Trees.h"; sourceTree = "<group>"; };
		5573D62F2283D7BD00C0A39D /* MJBinaryTreeInfo.h */ = {isa = PBXFileReference; fileEncoding = 4; lastKnownFileType = sourcecode.c.h; path = MJBinaryTreeInfo.h; sourceTree = "<group>"; };
		5573D6302283D7BD00C0A39D /* MJBinaryTrees.m */ = {isa = PBXFileReference; fileEncoding = 4; lastKnownFileType = sourcecode.c.objc; path = MJBinaryTrees.m; sourceTree = "<group>"; };
		5573D6312283D7BD00C0A39D /* NSString+Trees.m */ = {isa = PBXFileReference; fileEncoding = 4; lastKnownFileType = sourcecode.c.objc; path = "NSString+Trees.m"; sourceTree = "<group>"; };
		5573D6402284814900C0A39D /* BinaryTree.h */ = {isa = PBXFileReference; lastKnownFileType = sourcecode.c.h; path = BinaryTree.h; sourceTree = "<group>"; };
		5573D6412284814900C0A39D /* BinaryTree.m */ = {isa = PBXFileReference; lastKnownFileType = sourcecode.c.objc; path = BinaryTree.m; sourceTree = "<group>"; };
		5573D6432284839A00C0A39D /* BSTree+Test.h */ = {isa = PBXFileReference; lastKnownFileType = sourcecode.c.h; path = "BSTree+Test.h"; sourceTree = "<group>"; };
		5573D6442284839A00C0A39D /* BSTree+Test.m */ = {isa = PBXFileReference; lastKnownFileType = sourcecode.c.objc; path = "BSTree+Test.m"; sourceTree = "<group>"; };
		55AC88292286B1CB00F64504 /* AVLTree.h */ = {isa = PBXFileReference; lastKnownFileType = sourcecode.c.h; path = AVLTree.h; sourceTree = "<group>"; };
		55AC882A2286B1CB00F64504 /* AVLTree.m */ = {isa = PBXFileReference; lastKnownFileType = sourcecode.c.objc; path = AVLTree.m; sourceTree = "<group>"; };
		55AC882C2286F1A600F64504 /* AVLTree+Test.h */ = {isa = PBXFileReference; lastKnownFileType = sourcecode.c.h; path = "AVLTree+Test.h"; sourceTree = "<group>"; };
		55AC882D2286F1A600F64504 /* AVLTree+Test.m */ = {isa = PBXFileReference; lastKnownFileType = sourcecode.c.objc; path = "AVLTree+Test.m"; sourceTree = "<group>"; };
/* End PBXFileReference section */

/* Begin PBXFrameworksBuildPhase section */
		5573D5F122808E3000C0A39D /* Frameworks */ = {
			isa = PBXFrameworksBuildPhase;
			buildActionMask = 2147483647;
			files = (
			);
			runOnlyForDeploymentPostprocessing = 0;
		};
/* End PBXFrameworksBuildPhase section */

/* Begin PBXGroup section */
		5573D5EB22808E3000C0A39D = {
			isa = PBXGroup;
			children = (
				5573D5F622808E3000C0A39D /* Algorithm-OC */,
				5573D5F522808E3000C0A39D /* Products */,
			);
			sourceTree = "<group>";
		};
		5573D5F522808E3000C0A39D /* Products */ = {
			isa = PBXGroup;
			children = (
				5573D5F422808E3000C0A39D /* Algorithm-OC */,
			);
			name = Products;
			sourceTree = "<group>";
		};
		5573D5F622808E3000C0A39D /* Algorithm-OC */ = {
			isa = PBXGroup;
			children = (
				5573D6202283C83600C0A39D /* BinaryTree */,
				5573D61F2283C7F500C0A39D /* Stack */,
				5573D61E2283C7ED00C0A39D /* Queue */,
				5573D5F722808E3000C0A39D /* main.m */,
			);
			path = "Algorithm-OC";
			sourceTree = "<group>";
		};
		5573D61E2283C7ED00C0A39D /* Queue */ = {
			isa = PBXGroup;
			children = (
				5573D6192283C79F00C0A39D /* Queue.h */,
				5573D61B2283C79F00C0A39D /* Queue.m */,
			);
			path = Queue;
			sourceTree = "<group>";
		};
		5573D61F2283C7F500C0A39D /* Stack */ = {
			isa = PBXGroup;
			children = (
				5573D6182283C79E00C0A39D /* Stack.h */,
				5573D61A2283C79F00C0A39D /* Stack.m */,
			);
			path = Stack;
			sourceTree = "<group>";
		};
		5573D6202283C83600C0A39D /* BinaryTree */ = {
			isa = PBXGroup;
			children = (
				5573D6212283CA2300C0A39D /* BinarySearchTree */,
			);
			path = BinaryTree;
			sourceTree = "<group>";
		};
		5573D6212283CA2300C0A39D /* BinarySearchTree */ = {
			isa = PBXGroup;
			children = (
				5573D6252283D7BD00C0A39D /* MJBinaryTrees */,
				55AC88252286B0AD00F64504 /* Test */,
				5573D6402284814900C0A39D /* BinaryTree.h */,
				5573D6412284814900C0A39D /* BinaryTree.m */,
				5573D6222283CA3800C0A39D /* BSTree.h */,
				5573D6232283CA3800C0A39D /* BSTree.m */,
				55049F992289A161009D9EA4 /* BBSTree.h */,
				55049F9A2289A161009D9EA4 /* BBSTree.m */,
				55AC88292286B1CB00F64504 /* AVLTree.h */,
				55AC882A2286B1CB00F64504 /* AVLTree.m */,
				55049F9C2289A585009D9EA4 /* RBTree.h */,
				55049F9D2289A585009D9EA4 /* RBTree.m */,
			);
			path = BinarySearchTree;
			sourceTree = "<group>";
		};
		5573D6252283D7BD00C0A39D /* MJBinaryTrees */ = {
			isa = PBXGroup;
			children = (
				5573D6262283D7BD00C0A39D /* MJBinaryTrees.h */,
				5573D6272283D7BD00C0A39D /* MJPrinter */,
				5573D62E2283D7BD00C0A39D /* NSString+Trees.h */,
				5573D62F2283D7BD00C0A39D /* MJBinaryTreeInfo.h */,
				5573D6302283D7BD00C0A39D /* MJBinaryTrees.m */,
				5573D6312283D7BD00C0A39D /* NSString+Trees.m */,
			);
			path = MJBinaryTrees;
			sourceTree = "<group>";
		};
		5573D6272283D7BD00C0A39D /* MJPrinter */ = {
			isa = PBXGroup;
			children = (
				5573D6282283D7BD00C0A39D /* MJLevelOrderPrinter.h */,
				5573D6292283D7BD00C0A39D /* MJInorderPrinter.m */,
				5573D62A2283D7BD00C0A39D /* MJPrinter.h */,
				5573D62B2283D7BD00C0A39D /* MJLevelOrderPrinter.m */,
				5573D62C2283D7BD00C0A39D /* MJPrinter.m */,
				5573D62D2283D7BD00C0A39D /* MJInorderPrinter.h */,
			);
			path = MJPrinter;
			sourceTree = "<group>";
		};
		55AC88252286B0AD00F64504 /* Test */ = {
			isa = PBXGroup;
			children = (
				5573D6432284839A00C0A39D /* BSTree+Test.h */,
				5573D6442284839A00C0A39D /* BSTree+Test.m */,
				55AC882C2286F1A600F64504 /* AVLTree+Test.h */,
				55AC882D2286F1A600F64504 /* AVLTree+Test.m */,
				55049F9F2289C03E009D9EA4 /* RBTree+Test.h */,
				55049FA02289C03E009D9EA4 /* RBTree+Test.m */,
			);
			path = Test;
			sourceTree = "<group>";
		};
/* End PBXGroup section */

/* Begin PBXNativeTarget section */
		5573D5F322808E3000C0A39D /* Algorithm-OC */ = {
			isa = PBXNativeTarget;
			buildConfigurationList = 5573D5FB22808E3000C0A39D /* Build configuration list for PBXNativeTarget "Algorithm-OC" */;
			buildPhases = (
				5573D5F022808E3000C0A39D /* Sources */,
				5573D5F122808E3000C0A39D /* Frameworks */,
				5573D5F222808E3000C0A39D /* CopyFiles */,
			);
			buildRules = (
			);
			dependencies = (
			);
			name = "Algorithm-OC";
			productName = "Algorithm-OC";
			productReference = 5573D5F422808E3000C0A39D /* Algorithm-OC */;
			productType = "com.apple.product-type.tool";
		};
/* End PBXNativeTarget section */

/* Begin PBXProject section */
		5573D5EC22808E3000C0A39D /* Project object */ = {
			isa = PBXProject;
			attributes = {
				LastUpgradeCheck = 1010;
				ORGANIZATIONNAME = Nius;
				TargetAttributes = {
					5573D5F322808E3000C0A39D = {
						CreatedOnToolsVersion = 10.1;
					};
				};
			};
			buildConfigurationList = 5573D5EF22808E3000C0A39D /* Build configuration list for PBXProject "Algorithm-OC" */;
			compatibilityVersion = "Xcode 9.3";
			developmentRegion = en;
			hasScannedForEncodings = 0;
			knownRegions = (
				en,
			);
			mainGroup = 5573D5EB22808E3000C0A39D;
			productRefGroup = 5573D5F522808E3000C0A39D /* Products */;
			projectDirPath = "";
			projectRoot = "";
			targets = (
				5573D5F322808E3000C0A39D /* Algorithm-OC */,
			);
		};
/* End PBXProject section */

/* Begin PBXSourcesBuildPhase section */
		5573D5F022808E3000C0A39D /* Sources */ = {
			isa = PBXSourcesBuildPhase;
			buildActionMask = 2147483647;
			files = (
				5573D6452284839A00C0A39D /* BSTree+Test.m in Sources */,
				5573D6422284814900C0A39D /* BinaryTree.m in Sources */,
				5573D6242283CA3800C0A39D /* BSTree.m in Sources */,
				55AC882E2286F1A600F64504 /* AVLTree+Test.m in Sources */,
				55AC882B2286B1CB00F64504 /* AVLTree.m in Sources */,
				55049F9E2289A585009D9EA4 /* RBTree.m in Sources */,
				5573D6352283D7BD00C0A39D /* MJBinaryTrees.m in Sources */,
				55049FA12289C03E009D9EA4 /* RBTree+Test.m in Sources */,
				5573D61C2283C79F00C0A39D /* Stack.m in Sources */,
				55049F9B2289A161009D9EA4 /* BBSTree.m in Sources */,
				5573D61D2283C79F00C0A39D /* Queue.m in Sources */,
				5573D6332283D7BD00C0A39D /* MJLevelOrderPrinter.m in Sources */,
				5573D5F822808E3000C0A39D /* main.m in Sources */,
				5573D6362283D7BD00C0A39D /* NSString+Trees.m in Sources */,
				5573D6322283D7BD00C0A39D /* MJInorderPrinter.m in Sources */,
				5573D6342283D7BD00C0A39D /* MJPrinter.m in Sources */,
			);
			runOnlyForDeploymentPostprocessing = 0;
		};
/* End PBXSourcesBuildPhase section */

/* Begin XCBuildConfiguration section */
		5573D5F922808E3000C0A39D /* Debug */ = {
			isa = XCBuildConfiguration;
			buildSettings = {
				ALWAYS_SEARCH_USER_PATHS = NO;
				CLANG_ANALYZER_NONNULL = YES;
				CLANG_ANALYZER_NUMBER_OBJECT_CONVERSION = YES_AGGRESSIVE;
				CLANG_CXX_LANGUAGE_STANDARD = "gnu++14";
				CLANG_CXX_LIBRARY = "libc++";
				CLANG_ENABLE_MODULES = YES;
				CLANG_ENABLE_OBJC_ARC = YES;
				CLANG_ENABLE_OBJC_WEAK = YES;
				CLANG_WARN_BLOCK_CAPTURE_AUTORELEASING = YES;
				CLANG_WARN_BOOL_CONVERSION = YES;
				CLANG_WARN_COMMA = YES;
				CLANG_WARN_CONSTANT_CONVERSION = YES;
				CLANG_WARN_DEPRECATED_OBJC_IMPLEMENTATIONS = YES;
				CLANG_WARN_DIRECT_OBJC_ISA_USAGE = YES_ERROR;
				CLANG_WARN_DOCUMENTATION_COMMENTS = YES;
				CLANG_WARN_EMPTY_BODY = YES;
				CLANG_WARN_ENUM_CONVERSION = YES;
				CLANG_WARN_INFINITE_RECURSION = YES;
				CLANG_WARN_INT_CONVERSION = YES;
				CLANG_WARN_NON_LITERAL_NULL_CONVERSION = YES;
				CLANG_WARN_OBJC_IMPLICIT_RETAIN_SELF = YES;
				CLANG_WARN_OBJC_LITERAL_CONVERSION = YES;
				CLANG_WARN_OBJC_ROOT_CLASS = YES_ERROR;
				CLANG_WARN_RANGE_LOOP_ANALYSIS = YES;
				CLANG_WARN_STRICT_PROTOTYPES = YES;
				CLANG_WARN_SUSPICIOUS_MOVE = YES;
				CLANG_WARN_UNGUARDED_AVAILABILITY = YES_AGGRESSIVE;
				CLANG_WARN_UNREACHABLE_CODE = YES;
				CLANG_WARN__DUPLICATE_METHOD_MATCH = YES;
				CODE_SIGN_IDENTITY = "-";
				COPY_PHASE_STRIP = NO;
				DEBUG_INFORMATION_FORMAT = dwarf;
				ENABLE_STRICT_OBJC_MSGSEND = YES;
				ENABLE_TESTABILITY = YES;
				GCC_C_LANGUAGE_STANDARD = gnu11;
				GCC_DYNAMIC_NO_PIC = NO;
				GCC_NO_COMMON_BLOCKS = YES;
				GCC_OPTIMIZATION_LEVEL = 0;
				GCC_PREPROCESSOR_DEFINITIONS = (
					"DEBUG=1",
					"$(inherited)",
				);
				GCC_WARN_64_TO_32_BIT_CONVERSION = YES;
				GCC_WARN_ABOUT_RETURN_TYPE = YES_ERROR;
				GCC_WARN_UNDECLARED_SELECTOR = YES;
				GCC_WARN_UNINITIALIZED_AUTOS = YES_AGGRESSIVE;
				GCC_WARN_UNUSED_FUNCTION = YES;
				GCC_WARN_UNUSED_VARIABLE = YES;
				MACOSX_DEPLOYMENT_TARGET = 10.13;
				MTL_ENABLE_DEBUG_INFO = INCLUDE_SOURCE;
				MTL_FAST_MATH = YES;
				ONLY_ACTIVE_ARCH = YES;
				SDKROOT = macosx;
			};
			name = Debug;
		};
		5573D5FA22808E3000C0A39D /* Release */ = {
			isa = XCBuildConfiguration;
			buildSettings = {
				ALWAYS_SEARCH_USER_PATHS = NO;
				CLANG_ANALYZER_NONNULL = YES;
				CLANG_ANALYZER_NUMBER_OBJECT_CONVERSION = YES_AGGRESSIVE;
				CLANG_CXX_LANGUAGE_STANDARD = "gnu++14";
				CLANG_CXX_LIBRARY = "libc++";
				CLANG_ENABLE_MODULES = YES;
				CLANG_ENABLE_OBJC_ARC = YES;
				CLANG_ENABLE_OBJC_WEAK = YES;
				CLANG_WARN_BLOCK_CAPTURE_AUTORELEASING = YES;
				CLANG_WARN_BOOL_CONVERSION = YES;
				CLANG_WARN_COMMA = YES;
				CLANG_WARN_CONSTANT_CONVERSION = YES;
				CLANG_WARN_DEPRECATED_OBJC_IMPLEMENTATIONS = YES;
				CLANG_WARN_DIRECT_OBJC_ISA_USAGE = YES_ERROR;
				CLANG_WARN_DOCUMENTATION_COMMENTS = YES;
				CLANG_WARN_EMPTY_BODY = YES;
				CLANG_WARN_ENUM_CONVERSION = YES;
				CLANG_WARN_INFINITE_RECURSION = YES;
				CLANG_WARN_INT_CONVERSION = YES;
				CLANG_WARN_NON_LITERAL_NULL_CONVERSION = YES;
				CLANG_WARN_OBJC_IMPLICIT_RETAIN_SELF = YES;
				CLANG_WARN_OBJC_LITERAL_CONVERSION = YES;
				CLANG_WARN_OBJC_ROOT_CLASS = YES_ERROR;
				CLANG_WARN_RANGE_LOOP_ANALYSIS = YES;
				CLANG_WARN_STRICT_PROTOTYPES = YES;
				CLANG_WARN_SUSPICIOUS_MOVE = YES;
				CLANG_WARN_UNGUARDED_AVAILABILITY = YES_AGGRESSIVE;
				CLANG_WARN_UNREACHABLE_CODE = YES;
				CLANG_WARN__DUPLICATE_METHOD_MATCH = YES;
				CODE_SIGN_IDENTITY = "-";
				COPY_PHASE_STRIP = NO;
				DEBUG_INFORMATION_FORMAT = "dwarf-with-dsym";
				ENABLE_NS_ASSERTIONS = NO;
				ENABLE_STRICT_OBJC_MSGSEND = YES;
				GCC_C_LANGUAGE_STANDARD = gnu11;
				GCC_NO_COMMON_BLOCKS = YES;
				GCC_WARN_64_TO_32_BIT_CONVERSION = YES;
				GCC_WARN_ABOUT_RETURN_TYPE = YES_ERROR;
				GCC_WARN_UNDECLARED_SELECTOR = YES;
				GCC_WARN_UNINITIALIZED_AUTOS = YES_AGGRESSIVE;
				GCC_WARN_UNUSED_FUNCTION = YES;
				GCC_WARN_UNUSED_VARIABLE = YES;
				MACOSX_DEPLOYMENT_TARGET = 10.13;
				MTL_ENABLE_DEBUG_INFO = NO;
				MTL_FAST_MATH = YES;
				SDKROOT = macosx;
			};
			name = Release;
		};
		5573D5FC22808E3000C0A39D /* Debug */ = {
			isa = XCBuildConfiguration;
			buildSettings = {
				CODE_SIGN_STYLE = Automatic;
				PRODUCT_NAME = "$(TARGET_NAME)";
			};
			name = Debug;
		};
		5573D5FD22808E3000C0A39D /* Release */ = {
			isa = XCBuildConfiguration;
			buildSettings = {
				CODE_SIGN_STYLE = Automatic;
				PRODUCT_NAME = "$(TARGET_NAME)";
			};
			name = Release;
		};
/* End XCBuildConfiguration section */

/* Begin XCConfigurationList section */
		5573D5EF22808E3000C0A39D /* Build configuration list for PBXProject "Algorithm-OC" */ = {
			isa = XCConfigurationList;
			buildConfigurations = (
				5573D5F922808E3000C0A39D /* Debug */,
				5573D5FA22808E3000C0A39D /* Release */,
			);
			defaultConfigurationIsVisible = 0;
			defaultConfigurationName = Release;
		};
		5573D5FB22808E3000C0A39D /* Build configuration list for PBXNativeTarget "Algorithm-OC" */ = {
			isa = XCConfigurationList;
			buildConfigurations = (
				5573D5FC22808E3000C0A39D /* Debug */,
				5573D5FD22808E3000C0A39D /* Release */,
			);
			defaultConfigurationIsVisible = 0;
			defaultConfigurationName = Release;
		};
/* End XCConfigurationList section */
	};
	rootObject = 5573D5EC22808E3000C0A39D /* Project object */;
}
