// !$*UTF8*$!
{
	archiveVersion = 1;
	classes = {
	};
	objectVersion = 50;
	objects = {

/* Begin PBXBuildFile section */
		554B30E022807EF100F7EA81 /* _237_删除链表中的节点.m in Sources */ = {isa = PBXBuildFile; fileRef = 554B30DF22807EF100F7EA81 /* _237_删除链表中的节点.m */; };
		554B30E322807F0500F7EA81 /* Base.m in Sources */ = {isa = PBXBuildFile; fileRef = 554B30E222807F0500F7EA81 /* Base.m */; };
		554B30E72280870200F7EA81 /* _141_ 环形链表.m in Sources */ = {isa = PBXBuildFile; fileRef = 554B30E62280870200F7EA81 /* _141_ 环形链表.m */; };
		5562EBBE22805A6900DFAF04 /* main.m in Sources */ = {isa = PBXBuildFile; fileRef = 5562EBBD22805A6900DFAF04 /* main.m */; };
		5562EBCF22805B3900DFAF04 /* main.m in Sources */ = {isa = PBXBuildFile; fileRef = 5562EBCE22805B3900DFAF04 /* main.m */; };
		5562EBD522805B5D00DFAF04 /* _206_反转链表.m in Sources */ = {isa = PBXBuildFile; fileRef = 5562EBD422805B5D00DFAF04 /* _206_反转链表.m */; };
		5562EBD822805C6D00DFAF04 /* ListNode.m in Sources */ = {isa = PBXBuildFile; fileRef = 5562EBD722805C6D00DFAF04 /* ListNode.m */; };
/* End PBXBuildFile section */

/* Begin PBXCopyFilesBuildPhase section */
		5562EBB822805A6900DFAF04 /* CopyFiles */ = {
			isa = PBXCopyFilesBuildPhase;
			buildActionMask = 2147483647;
			dstPath = /usr/share/man/man1/;
			dstSubfolderSpec = 0;
			files = (
			);
			runOnlyForDeploymentPostprocessing = 1;
		};
		5562EBCA22805B3900DFAF04 /* CopyFiles */ = {
			isa = PBXCopyFilesBuildPhase;
			buildActionMask = 2147483647;
			dstPath = /usr/share/man/man1/;
			dstSubfolderSpec = 0;
			files = (
			);
			runOnlyForDeploymentPostprocessing = 1;
		};
/* End PBXCopyFilesBuildPhase section */

/* Begin PBXFileReference section */
		554B30DE22807EF100F7EA81 /* _237_删除链表中的节点.h */ = {isa = PBXFileReference; lastKnownFileType = sourcecode.c.h; path = "_237_删除链表中的节点.h"; sourceTree = "<group>"; };
		554B30DF22807EF100F7EA81 /* _237_删除链表中的节点.m */ = {isa = PBXFileReference; lastKnownFileType = sourcecode.c.objc; path = "_237_删除链表中的节点.m"; sourceTree = "<group>"; };
		554B30E122807F0500F7EA81 /* Base.h */ = {isa = PBXFileReference; lastKnownFileType = sourcecode.c.h; path = Base.h; sourceTree = "<group>"; };
		554B30E222807F0500F7EA81 /* Base.m */ = {isa = PBXFileReference; lastKnownFileType = sourcecode.c.objc; path = Base.m; sourceTree = "<group>"; };
		554B30E52280870200F7EA81 /* _141_ 环形链表.h */ = {isa = PBXFileReference; lastKnownFileType = sourcecode.c.h; path = "_141_ 环形链表.h"; sourceTree = "<group>"; };
		554B30E62280870200F7EA81 /* _141_ 环形链表.m */ = {isa = PBXFileReference; lastKnownFileType = sourcecode.c.objc; path = "_141_ 环形链表.m"; sourceTree = "<group>"; };
		5562EBBA22805A6900DFAF04 /* LeetCode */ = {isa = PBXFileReference; explicitFileType = "compiled.mach-o.executable"; includeInIndex = 0; path = LeetCode; sourceTree = BUILT_PRODUCTS_DIR; };
		5562EBBD22805A6900DFAF04 /* main.m */ = {isa = PBXFileReference; lastKnownFileType = sourcecode.c.objc; path = main.m; sourceTree = "<group>"; };
		5562EBCC22805B3900DFAF04 /* 链表 */ = {isa = PBXFileReference; explicitFileType = "compiled.mach-o.executable"; includeInIndex = 0; path = "链表"; sourceTree = BUILT_PRODUCTS_DIR; };
		5562EBCE22805B3900DFAF04 /* main.m */ = {isa = PBXFileReference; lastKnownFileType = sourcecode.c.objc; path = main.m; sourceTree = "<group>"; };
		5562EBD322805B5D00DFAF04 /* _206_反转链表.h */ = {isa = PBXFileReference; lastKnownFileType = sourcecode.c.h; path = "_206_反转链表.h"; sourceTree = "<group>"; };
		5562EBD422805B5D00DFAF04 /* _206_反转链表.m */ = {isa = PBXFileReference; lastKnownFileType = sourcecode.c.objc; path = "_206_反转链表.m"; sourceTree = "<group>"; };
		5562EBD622805C6D00DFAF04 /* ListNode.h */ = {isa = PBXFileReference; lastKnownFileType = sourcecode.c.h; path = ListNode.h; sourceTree = "<group>"; };
		5562EBD722805C6D00DFAF04 /* ListNode.m */ = {isa = PBXFileReference; lastKnownFileType = sourcecode.c.objc; path = ListNode.m; sourceTree = "<group>"; };
		5562EBD922806DB200DFAF04 /* 单链表翻转递归调用分析.jpg */ = {isa = PBXFileReference; lastKnownFileType = image.jpeg; path = "单链表翻转递归调用分析.jpg"; sourceTree = "<group>"; };
		5562EBDB2280751600DFAF04 /* 单链表翻转递归调用分析1.jpg */ = {isa = PBXFileReference; lastKnownFileType = image.jpeg; path = "单链表翻转递归调用分析1.jpg"; sourceTree = "<group>"; };
/* End PBXFileReference section */

/* Begin PBXFrameworksBuildPhase section */
		5562EBB722805A6900DFAF04 /* Frameworks */ = {
			isa = PBXFrameworksBuildPhase;
			buildActionMask = 2147483647;
			files = (
			);
			runOnlyForDeploymentPostprocessing = 0;
		};
		5562EBC922805B3900DFAF04 /* Frameworks */ = {
			isa = PBXFrameworksBuildPhase;
			buildActionMask = 2147483647;
			files = (
			);
			runOnlyForDeploymentPostprocessing = 0;
		};
/* End PBXFrameworksBuildPhase section */

/* Begin PBXGroup section */
		554B30DD22807EE900F7EA81 /* _237_删除链表中的节点 */ = {
			isa = PBXGroup;
			children = (
				554B30DE22807EF100F7EA81 /* _237_删除链表中的节点.h */,
				554B30DF22807EF100F7EA81 /* _237_删除链表中的节点.m */,
			);
			path = "_237_删除链表中的节点";
			sourceTree = "<group>";
		};
		554B30E4228086F400F7EA81 /* _141_ 环形链表 */ = {
			isa = PBXGroup;
			children = (
				554B30E52280870200F7EA81 /* _141_ 环形链表.h */,
				554B30E62280870200F7EA81 /* _141_ 环形链表.m */,
			);
			path = "_141_ 环形链表";
			sourceTree = "<group>";
		};
		5562EBB122805A6900DFAF04 = {
			isa = PBXGroup;
			children = (
				5562EBBC22805A6900DFAF04 /* LeetCode */,
				5562EBCD22805B3900DFAF04 /* 链表 */,
				5562EBBB22805A6900DFAF04 /* Products */,
			);
			sourceTree = "<group>";
		};
		5562EBBB22805A6900DFAF04 /* Products */ = {
			isa = PBXGroup;
			children = (
				5562EBBA22805A6900DFAF04 /* LeetCode */,
				5562EBCC22805B3900DFAF04 /* 链表 */,
			);
			name = Products;
			sourceTree = "<group>";
		};
		5562EBBC22805A6900DFAF04 /* LeetCode */ = {
			isa = PBXGroup;
			children = (
				5562EBBD22805A6900DFAF04 /* main.m */,
			);
			path = LeetCode;
			sourceTree = "<group>";
		};
		5562EBCD22805B3900DFAF04 /* 链表 */ = {
			isa = PBXGroup;
			children = (
				554B30E4228086F400F7EA81 /* _141_ 环形链表 */,
				554B30DD22807EE900F7EA81 /* _237_删除链表中的节点 */,
				5562EBDA228074E600DFAF04 /* _206_单链表反转 */,
				5562EBCE22805B3900DFAF04 /* main.m */,
				5562EBD622805C6D00DFAF04 /* ListNode.h */,
				5562EBD722805C6D00DFAF04 /* ListNode.m */,
				554B30E122807F0500F7EA81 /* Base.h */,
				554B30E222807F0500F7EA81 /* Base.m */,
			);
			path = "链表";
			sourceTree = "<group>";
		};
		5562EBDA228074E600DFAF04 /* _206_单链表反转 */ = {
			isa = PBXGroup;
			children = (
				5562EBDB2280751600DFAF04 /* 单链表翻转递归调用分析1.jpg */,
				5562EBD922806DB200DFAF04 /* 单链表翻转递归调用分析.jpg */,
				5562EBD322805B5D00DFAF04 /* _206_反转链表.h */,
				5562EBD422805B5D00DFAF04 /* _206_反转链表.m */,
			);
			path = "_206_单链表反转";
			sourceTree = "<group>";
		};
/* End PBXGroup section */

/* Begin PBXNativeTarget section */
		5562EBB922805A6900DFAF04 /* LeetCode */ = {
			isa = PBXNativeTarget;
			buildConfigurationList = 5562EBC122805A6900DFAF04 /* Build configuration list for PBXNativeTarget "LeetCode" */;
			buildPhases = (
				5562EBB622805A6900DFAF04 /* Sources */,
				5562EBB722805A6900DFAF04 /* Frameworks */,
				5562EBB822805A6900DFAF04 /* CopyFiles */,
			);
			buildRules = (
			);
			dependencies = (
			);
			name = LeetCode;
			productName = LeetCode;
			productReference = 5562EBBA22805A6900DFAF04 /* LeetCode */;
			productType = "com.apple.product-type.tool";
		};
		5562EBCB22805B3900DFAF04 /* 链表 */ = {
			isa = PBXNativeTarget;
			buildConfigurationList = 5562EBD022805B3900DFAF04 /* Build configuration list for PBXNativeTarget "链表" */;
			buildPhases = (
				5562EBC822805B3900DFAF04 /* Sources */,
				5562EBC922805B3900DFAF04 /* Frameworks */,
				5562EBCA22805B3900DFAF04 /* CopyFiles */,
			);
			buildRules = (
			);
			dependencies = (
			);
			name = "链表";
			productName = "链表";
			productReference = 5562EBCC22805B3900DFAF04 /* 链表 */;
			productType = "com.apple.product-type.tool";
		};
/* End PBXNativeTarget section */

/* Begin PBXProject section */
		5562EBB222805A6900DFAF04 /* Project object */ = {
			isa = PBXProject;
			attributes = {
				LastUpgradeCheck = 1010;
				ORGANIZATIONNAME = Nius;
				TargetAttributes = {
					5562EBB922805A6900DFAF04 = {
						CreatedOnToolsVersion = 10.1;
					};
					5562EBCB22805B3900DFAF04 = {
						CreatedOnToolsVersion = 10.1;
					};
				};
			};
			buildConfigurationList = 5562EBB522805A6900DFAF04 /* Build configuration list for PBXProject "LeetCode" */;
			compatibilityVersion = "Xcode 9.3";
			developmentRegion = en;
			hasScannedForEncodings = 0;
			knownRegions = (
				en,
			);
			mainGroup = 5562EBB122805A6900DFAF04;
			productRefGroup = 5562EBBB22805A6900DFAF04 /* Products */;
			projectDirPath = "";
			projectRoot = "";
			targets = (
				5562EBB922805A6900DFAF04 /* LeetCode */,
				5562EBCB22805B3900DFAF04 /* 链表 */,
			);
		};
/* End PBXProject section */

/* Begin PBXSourcesBuildPhase section */
		5562EBB622805A6900DFAF04 /* Sources */ = {
			isa = PBXSourcesBuildPhase;
			buildActionMask = 2147483647;
			files = (
				5562EBBE22805A6900DFAF04 /* main.m in Sources */,
			);
			runOnlyForDeploymentPostprocessing = 0;
		};
		5562EBC822805B3900DFAF04 /* Sources */ = {
			isa = PBXSourcesBuildPhase;
			buildActionMask = 2147483647;
			files = (
				554B30E322807F0500F7EA81 /* Base.m in Sources */,
				5562EBCF22805B3900DFAF04 /* main.m in Sources */,
				554B30E72280870200F7EA81 /* _141_ 环形链表.m in Sources */,
				5562EBD822805C6D00DFAF04 /* ListNode.m in Sources */,
				554B30E022807EF100F7EA81 /* _237_删除链表中的节点.m in Sources */,
				5562EBD522805B5D00DFAF04 /* _206_反转链表.m in Sources */,
			);
			runOnlyForDeploymentPostprocessing = 0;
		};
/* End PBXSourcesBuildPhase section */

/* Begin XCBuildConfiguration section */
		5562EBBF22805A6900DFAF04 /* Debug */ = {
			isa = XCBuildConfiguration;
			buildSettings = {
				ALWAYS_SEARCH_USER_PATHS = NO;
				CLANG_ANALYZER_NONNULL = YES;
				CLANG_ANALYZER_NUMBER_OBJECT_CONVERSION = YES_AGGRESSIVE;
				CLANG_CXX_LANGUAGE_STANDARD = "gnu++14";
				CLANG_CXX_LIBRARY = "libc++";
				CLANG_ENABLE_MODULES = YES;
				CLANG_ENABLE_OBJC_ARC = YES;
				CLANG_ENABLE_OBJC_WEAK = YES;
				CLANG_WARN_BLOCK_CAPTURE_AUTORELEASING = YES;
				CLANG_WARN_BOOL_CONVERSION = YES;
				CLANG_WARN_COMMA = YES;
				CLANG_WARN_CONSTANT_CONVERSION = YES;
				CLANG_WARN_DEPRECATED_OBJC_IMPLEMENTATIONS = YES;
				CLANG_WARN_DIRECT_OBJC_ISA_USAGE = YES_ERROR;
				CLANG_WARN_DOCUMENTATION_COMMENTS = YES;
				CLANG_WARN_EMPTY_BODY = YES;
				CLANG_WARN_ENUM_CONVERSION = YES;
				CLANG_WARN_INFINITE_RECURSION = YES;
				CLANG_WARN_INT_CONVERSION = YES;
				CLANG_WARN_NON_LITERAL_NULL_CONVERSION = YES;
				CLANG_WARN_OBJC_IMPLICIT_RETAIN_SELF = YES;
				CLANG_WARN_OBJC_LITERAL_CONVERSION = YES;
				CLANG_WARN_OBJC_ROOT_CLASS = YES_ERROR;
				CLANG_WARN_RANGE_LOOP_ANALYSIS = YES;
				CLANG_WARN_STRICT_PROTOTYPES = YES;
				CLANG_WARN_SUSPICIOUS_MOVE = YES;
				CLANG_WARN_UNGUARDED_AVAILABILITY = YES_AGGRESSIVE;
				CLANG_WARN_UNREACHABLE_CODE = YES;
				CLANG_WARN__DUPLICATE_METHOD_MATCH = YES;
				CODE_SIGN_IDENTITY = "-";
				COPY_PHASE_STRIP = NO;
				DEBUG_INFORMATION_FORMAT = dwarf;
				ENABLE_STRICT_OBJC_MSGSEND = YES;
				ENABLE_TESTABILITY = YES;
				GCC_C_LANGUAGE_STANDARD = gnu11;
				GCC_DYNAMIC_NO_PIC = NO;
				GCC_NO_COMMON_BLOCKS = YES;
				GCC_OPTIMIZATION_LEVEL = 0;
				GCC_PREPROCESSOR_DEFINITIONS = (
					"DEBUG=1",
					"$(inherited)",
				);
				GCC_WARN_64_TO_32_BIT_CONVERSION = YES;
				GCC_WARN_ABOUT_RETURN_TYPE = YES_ERROR;
				GCC_WARN_UNDECLARED_SELECTOR = YES;
				GCC_WARN_UNINITIALIZED_AUTOS = YES_AGGRESSIVE;
				GCC_WARN_UNUSED_FUNCTION = YES;
				GCC_WARN_UNUSED_VARIABLE = YES;
				MACOSX_DEPLOYMENT_TARGET = 10.13;
				MTL_ENABLE_DEBUG_INFO = INCLUDE_SOURCE;
				MTL_FAST_MATH = YES;
				ONLY_ACTIVE_ARCH = YES;
				SDKROOT = macosx;
			};
			name = Debug;
		};
		5562EBC022805A6900DFAF04 /* Release */ = {
			isa = XCBuildConfiguration;
			buildSettings = {
				ALWAYS_SEARCH_USER_PATHS = NO;
				CLANG_ANALYZER_NONNULL = YES;
				CLANG_ANALYZER_NUMBER_OBJECT_CONVERSION = YES_AGGRESSIVE;
				CLANG_CXX_LANGUAGE_STANDARD = "gnu++14";
				CLANG_CXX_LIBRARY = "libc++";
				CLANG_ENABLE_MODULES = YES;
				CLANG_ENABLE_OBJC_ARC = YES;
				CLANG_ENABLE_OBJC_WEAK = YES;
				CLANG_WARN_BLOCK_CAPTURE_AUTORELEASING = YES;
				CLANG_WARN_BOOL_CONVERSION = YES;
				CLANG_WARN_COMMA = YES;
				CLANG_WARN_CONSTANT_CONVERSION = YES;
				CLANG_WARN_DEPRECATED_OBJC_IMPLEMENTATIONS = YES;
				CLANG_WARN_DIRECT_OBJC_ISA_USAGE = YES_ERROR;
				CLANG_WARN_DOCUMENTATION_COMMENTS = YES;
				CLANG_WARN_EMPTY_BODY = YES;
				CLANG_WARN_ENUM_CONVERSION = YES;
				CLANG_WARN_INFINITE_RECURSION = YES;
				CLANG_WARN_INT_CONVERSION = YES;
				CLANG_WARN_NON_LITERAL_NULL_CONVERSION = YES;
				CLANG_WARN_OBJC_IMPLICIT_RETAIN_SELF = YES;
				CLANG_WARN_OBJC_LITERAL_CONVERSION = YES;
				CLANG_WARN_OBJC_ROOT_CLASS = YES_ERROR;
				CLANG_WARN_RANGE_LOOP_ANALYSIS = YES;
				CLANG_WARN_STRICT_PROTOTYPES = YES;
				CLANG_WARN_SUSPICIOUS_MOVE = YES;
				CLANG_WARN_UNGUARDED_AVAILABILITY = YES_AGGRESSIVE;
				CLANG_WARN_UNREACHABLE_CODE = YES;
				CLANG_WARN__DUPLICATE_METHOD_MATCH = YES;
				CODE_SIGN_IDENTITY = "-";
				COPY_PHASE_STRIP = NO;
				DEBUG_INFORMATION_FORMAT = "dwarf-with-dsym";
				ENABLE_NS_ASSERTIONS = NO;
				ENABLE_STRICT_OBJC_MSGSEND = YES;
				GCC_C_LANGUAGE_STANDARD = gnu11;
				GCC_NO_COMMON_BLOCKS = YES;
				GCC_WARN_64_TO_32_BIT_CONVERSION = YES;
				GCC_WARN_ABOUT_RETURN_TYPE = YES_ERROR;
				GCC_WARN_UNDECLARED_SELECTOR = YES;
				GCC_WARN_UNINITIALIZED_AUTOS = YES_AGGRESSIVE;
				GCC_WARN_UNUSED_FUNCTION = YES;
				GCC_WARN_UNUSED_VARIABLE = YES;
				MACOSX_DEPLOYMENT_TARGET = 10.13;
				MTL_ENABLE_DEBUG_INFO = NO;
				MTL_FAST_MATH = YES;
				SDKROOT = macosx;
			};
			name = Release;
		};
		5562EBC222805A6900DFAF04 /* Debug */ = {
			isa = XCBuildConfiguration;
			buildSettings = {
				CODE_SIGN_STYLE = Automatic;
				PRODUCT_NAME = "$(TARGET_NAME)";
			};
			name = Debug;
		};
		5562EBC322805A6900DFAF04 /* Release */ = {
			isa = XCBuildConfiguration;
			buildSettings = {
				CODE_SIGN_STYLE = Automatic;
				PRODUCT_NAME = "$(TARGET_NAME)";
			};
			name = Release;
		};
		5562EBD122805B3900DFAF04 /* Debug */ = {
			isa = XCBuildConfiguration;
			buildSettings = {
				CODE_SIGN_STYLE = Automatic;
				PRODUCT_NAME = "$(TARGET_NAME)";
			};
			name = Debug;
		};
		5562EBD222805B3900DFAF04 /* Release */ = {
			isa = XCBuildConfiguration;
			buildSettings = {
				CODE_SIGN_STYLE = Automatic;
				PRODUCT_NAME = "$(TARGET_NAME)";
			};
			name = Release;
		};
/* End XCBuildConfiguration section */

/* Begin XCConfigurationList section */
		5562EBB522805A6900DFAF04 /* Build configuration list for PBXProject "LeetCode" */ = {
			isa = XCConfigurationList;
			buildConfigurations = (
				5562EBBF22805A6900DFAF04 /* Debug */,
				5562EBC022805A6900DFAF04 /* Release */,
			);
			defaultConfigurationIsVisible = 0;
			defaultConfigurationName = Release;
		};
		5562EBC122805A6900DFAF04 /* Build configuration list for PBXNativeTarget "LeetCode" */ = {
			isa = XCConfigurationList;
			buildConfigurations = (
				5562EBC222805A6900DFAF04 /* Debug */,
				5562EBC322805A6900DFAF04 /* Release */,
			);
			defaultConfigurationIsVisible = 0;
			defaultConfigurationName = Release;
		};
		5562EBD022805B3900DFAF04 /* Build configuration list for PBXNativeTarget "链表" */ = {
			isa = XCConfigurationList;
			buildConfigurations = (
				5562EBD122805B3900DFAF04 /* Debug */,
				5562EBD222805B3900DFAF04 /* Release */,
			);
			defaultConfigurationIsVisible = 0;
			defaultConfigurationName = Release;
		};
/* End XCConfigurationList section */
	};
	rootObject = 5562EBB222805A6900DFAF04 /* Project object */;
}
